// !$*UTF8*$!
{
	archiveVersion = 1;
	classes = {
	};
	objectVersion = 53;
	objects = {

/* Begin PBXBuildFile section */
		9F00AFBA24364F7C00C81D6E /* AppDelegate.swift in Sources */ = {isa = PBXBuildFile; fileRef = 9F00AFB924364F7C00C81D6E /* AppDelegate.swift */; };
		9F00AFBC24364F7C00C81D6E /* SceneDelegate.swift in Sources */ = {isa = PBXBuildFile; fileRef = 9F00AFBB24364F7C00C81D6E /* SceneDelegate.swift */; };
		9F00AFC124364F7C00C81D6E /* Main.storyboard in Resources */ = {isa = PBXBuildFile; fileRef = 9F00AFBF24364F7C00C81D6E /* Main.storyboard */; };
		9F00AFC324364F7D00C81D6E /* Assets.xcassets in Resources */ = {isa = PBXBuildFile; fileRef = 9F00AFC224364F7D00C81D6E /* Assets.xcassets */; };
		9F00AFC624364F7D00C81D6E /* LaunchScreen.storyboard in Resources */ = {isa = PBXBuildFile; fileRef = 9F00AFC424364F7D00C81D6E /* LaunchScreen.storyboard */; };
		9F00AFCE24365C1200C81D6E /* InitialViewController.swift in Sources */ = {isa = PBXBuildFile; fileRef = 9F00AFCD24365C1200C81D6E /* InitialViewController.swift */; };
		9F00AFD024365C3300C81D6E /* ResultViewController.swift in Sources */ = {isa = PBXBuildFile; fileRef = 9F00AFCF24365C3300C81D6E /* ResultViewController.swift */; };
		9FD61CD124374D7300162306 /* Sign.swift in Sources */ = {isa = PBXBuildFile; fileRef = 9FD61CD024374D7300162306 /* Sign.swift */; };
		9FD61CD324375B7000162306 /* Match.swift in Sources */ = {isa = PBXBuildFile; fileRef = 9FD61CD224375B7000162306 /* Match.swift */; };
/* End PBXBuildFile section */

/* Begin PBXFileReference section */
		9F00AFB624364F7C00C81D6E /* Roshambo.app */ = {isa = PBXFileReference; explicitFileType = wrapper.application; includeInIndex = 0; path = Roshambo.app; sourceTree = BUILT_PRODUCTS_DIR; };
		9F00AFB924364F7C00C81D6E /* AppDelegate.swift */ = {isa = PBXFileReference; lastKnownFileType = sourcecode.swift; path = AppDelegate.swift; sourceTree = "<group>"; };
		9F00AFBB24364F7C00C81D6E /* SceneDelegate.swift */ = {isa = PBXFileReference; lastKnownFileType = sourcecode.swift; path = SceneDelegate.swift; sourceTree = "<group>"; };
		9F00AFC024364F7C00C81D6E /* Base */ = {isa = PBXFileReference; lastKnownFileType = file.storyboard; name = Base; path = Base.lproj/Main.storyboard; sourceTree = "<group>"; };
		9F00AFC224364F7D00C81D6E /* Assets.xcassets */ = {isa = PBXFileReference; lastKnownFileType = folder.assetcatalog; path = Assets.xcassets; sourceTree = "<group>"; };
		9F00AFC524364F7D00C81D6E /* Base */ = {isa = PBXFileReference; lastKnownFileType = file.storyboard; name = Base; path = Base.lproj/LaunchScreen.storyboard; sourceTree = "<group>"; };
		9F00AFC724364F7D00C81D6E /* Info.plist */ = {isa = PBXFileReference; lastKnownFileType = text.plist.xml; path = Info.plist; sourceTree = "<group>"; };
		9F00AFCD24365C1200C81D6E /* InitialViewController.swift */ = {isa = PBXFileReference; lastKnownFileType = sourcecode.swift; path = InitialViewController.swift; sourceTree = "<group>"; };
		9F00AFCF24365C3300C81D6E /* ResultViewController.swift */ = {isa = PBXFileReference; lastKnownFileType = sourcecode.swift; path = ResultViewController.swift; sourceTree = "<group>"; };
		9FD61CD024374D7300162306 /* Sign.swift */ = {isa = PBXFileReference; lastKnownFileType = sourcecode.swift; path = Sign.swift; sourceTree = "<group>"; };
		9FD61CD224375B7000162306 /* Match.swift */ = {isa = PBXFileReference; lastKnownFileType = sourcecode.swift; path = Match.swift; sourceTree = "<group>"; };
/* End PBXFileReference section */

/* Begin PBXFrameworksBuildPhase section */
		9F00AFB324364F7C00C81D6E /* Frameworks */ = {
			isa = PBXFrameworksBuildPhase;
			buildActionMask = 2147483647;
			files = (
			);
			runOnlyForDeploymentPostprocessing = 0;
		};
/* End PBXFrameworksBuildPhase section */

/* Begin PBXGroup section */
		9F00AFAD24364F7C00C81D6E = {
			isa = PBXGroup;
			children = (
				9F00AFB824364F7C00C81D6E /* Roshambo */,
				9F00AFB724364F7C00C81D6E /* Products */,
			);
			sourceTree = "<group>";
		};
		9F00AFB724364F7C00C81D6E /* Products */ = {
			isa = PBXGroup;
			children = (
				9F00AFB624364F7C00C81D6E /* Roshambo.app */,
			);
			name = Products;
			sourceTree = "<group>";
		};
		9F00AFB824364F7C00C81D6E /* Roshambo */ = {
			isa = PBXGroup;
			children = (
				9F00AFB924364F7C00C81D6E /* AppDelegate.swift */,
				9F00AFBB24364F7C00C81D6E /* SceneDelegate.swift */,
				9F00AFCD24365C1200C81D6E /* InitialViewController.swift */,
				9F00AFCF24365C3300C81D6E /* ResultViewController.swift */,
				9FD61CD024374D7300162306 /* Sign.swift */,
				9FD61CD224375B7000162306 /* Match.swift */,
				9F00AFBF24364F7C00C81D6E /* Main.storyboard */,
				9F00AFC224364F7D00C81D6E /* Assets.xcassets */,
				9F00AFC424364F7D00C81D6E /* LaunchScreen.storyboard */,
				9F00AFC724364F7D00C81D6E /* Info.plist */,
			);
			path = Roshambo;
			sourceTree = "<group>";
		};
/* End PBXGroup section */

/* Begin PBXNativeTarget section */
		9F00AFB524364F7C00C81D6E /* Roshambo */ = {
			isa = PBXNativeTarget;
			buildConfigurationList = 9F00AFCA24364F7D00C81D6E /* Build configuration list for PBXNativeTarget "Roshambo" */;
			buildPhases = (
				9F00AFB224364F7C00C81D6E /* Sources */,
				9F00AFB324364F7C00C81D6E /* Frameworks */,
				9F00AFB424364F7C00C81D6E /* Resources */,
			);
			buildRules = (
			);
			dependencies = (
			);
			name = Roshambo;
			productName = Roshambo;
			productReference = 9F00AFB624364F7C00C81D6E /* Roshambo.app */;
			productType = "com.apple.product-type.application";
		};
/* End PBXNativeTarget section */

/* Begin PBXProject section */
		9F00AFAE24364F7C00C81D6E /* Project object */ = {
			isa = PBXProject;
			attributes = {
				LastSwiftUpdateCheck = 1140;
				LastUpgradeCheck = 1140;
				ORGANIZATIONNAME = Manoli;
				TargetAttributes = {
					9F00AFB524364F7C00C81D6E = {
						CreatedOnToolsVersion = 11.4;
					};
				};
			};
			buildConfigurationList = 9F00AFB124364F7C00C81D6E /* Build configuration list for PBXProject "Roshambo" */;
			compatibilityVersion = "Xcode 11.4";
			developmentRegion = en;
			hasScannedForEncodings = 0;
			knownRegions = (
				en,
				Base,
			);
			mainGroup = 9F00AFAD24364F7C00C81D6E;
			productRefGroup = 9F00AFB724364F7C00C81D6E /* Products */;
			projectDirPath = "";
			projectRoot = "";
			targets = (
				9F00AFB524364F7C00C81D6E /* Roshambo */,
			);
		};
/* End PBXProject section */

/* Begin PBXResourcesBuildPhase section */
		9F00AFB424364F7C00C81D6E /* Resources */ = {
			isa = PBXResourcesBuildPhase;
			buildActionMask = 2147483647;
			files = (
				9F00AFC624364F7D00C81D6E /* LaunchScreen.storyboard in Resources */,
				9F00AFC324364F7D00C81D6E /* Assets.xcassets in Resources */,
				9F00AFC124364F7C00C81D6E /* Main.storyboard in Resources */,
			);
			runOnlyForDeploymentPostprocessing = 0;
		};
/* End PBXResourcesBuildPhase section */

/* Begin PBXSourcesBuildPhase section */
		9F00AFB224364F7C00C81D6E /* Sources */ = {
			isa = PBXSourcesBuildPhase;
			buildActionMask = 2147483647;
			files = (
				9F00AFD024365C3300C81D6E /* ResultViewController.swift in Sources */,
				9F00AFBA24364F7C00C81D6E /* AppDelegate.swift in Sources */,
				9FD61CD124374D7300162306 /* Sign.swift in Sources */,
				9F00AFBC24364F7C00C81D6E /* SceneDelegate.swift in Sources */,
				9F00AFCE24365C1200C81D6E /* InitialViewController.swift in Sources */,
				9FD61CD324375B7000162306 /* Match.swift in Sources */,
			);
			runOnlyForDeploymentPostprocessing = 0;
		};
/* End PBXSourcesBuildPhase section */

/* Begin PBXVariantGroup section */
		9F00AFBF24364F7C00C81D6E /* Main.storyboard */ = {
			isa = PBXVariantGroup;
			children = (
				9F00AFC024364F7C00C81D6E /* Base */,
			);
			name = Main.storyboard;
			sourceTree = "<group>";
		};
		9F00AFC424364F7D00C81D6E /* LaunchScreen.storyboard */ = {
			isa = PBXVariantGroup;
			children = (
				9F00AFC524364F7D00C81D6E /* Base */,
			);
			name = LaunchScreen.storyboard;
			sourceTree = "<group>";
		};
/* End PBXVariantGroup section */

/* Begin XCBuildConfiguration section */
		9F00AFC824364F7D00C81D6E /* Debug */ = {
			isa = XCBuildConfiguration;
			buildSettings = {
				ALWAYS_SEARCH_USER_PATHS = NO;
				CLANG_ANALYZER_NONNULL = YES;
				CLANG_ANALYZER_NUMBER_OBJECT_CONVERSION = YES_AGGRESSIVE;
				CLANG_CXX_LANGUAGE_STANDARD = "gnu++14";
				CLANG_CXX_LIBRARY = "libc++";
				CLANG_ENABLE_MODULES = YES;
				CLANG_ENABLE_OBJC_ARC = YES;
				CLANG_ENABLE_OBJC_WEAK = YES;
				CLANG_WARN_BLOCK_CAPTURE_AUTORELEASING = YES;
				CLANG_WARN_BOOL_CONVERSION = YES;
				CLANG_WARN_COMMA = YES;
				CLANG_WARN_CONSTANT_CONVERSION = YES;
				CLANG_WARN_DEPRECATED_OBJC_IMPLEMENTATIONS = YES;
				CLANG_WARN_DIRECT_OBJC_ISA_USAGE = YES_ERROR;
				CLANG_WARN_DOCUMENTATION_COMMENTS = YES;
				CLANG_WARN_EMPTY_BODY = YES;
				CLANG_WARN_ENUM_CONVERSION = YES;
				CLANG_WARN_INFINITE_RECURSION = YES;
				CLANG_WARN_INT_CONVERSION = YES;
				CLANG_WARN_NON_LITERAL_NULL_CONVERSION = YES;
				CLANG_WARN_OBJC_IMPLICIT_RETAIN_SELF = YES;
				CLANG_WARN_OBJC_LITERAL_CONVERSION = YES;
				CLANG_WARN_OBJC_ROOT_CLASS = YES_ERROR;
				CLANG_WARN_RANGE_LOOP_ANALYSIS = YES;
				CLANG_WARN_STRICT_PROTOTYPES = YES;
				CLANG_WARN_SUSPICIOUS_MOVE = YES;
				CLANG_WARN_UNGUARDED_AVAILABILITY = YES_AGGRESSIVE;
				CLANG_WARN_UNREACHABLE_CODE = YES;
				CLANG_WARN__DUPLICATE_METHOD_MATCH = YES;
				COPY_PHASE_STRIP = NO;
				DEBUG_INFORMATION_FORMAT = dwarf;
				ENABLE_STRICT_OBJC_MSGSEND = YES;
				ENABLE_TESTABILITY = YES;
				GCC_C_LANGUAGE_STANDARD = gnu11;
				GCC_DYNAMIC_NO_PIC = NO;
				GCC_NO_COMMON_BLOCKS = YES;
				GCC_OPTIMIZATION_LEVEL = 0;
				GCC_PREPROCESSOR_DEFINITIONS = (
					"DEBUG=1",
					"$(inherited)",
				);
				GCC_WARN_64_TO_32_BIT_CONVERSION = YES;
				GCC_WARN_ABOUT_RETURN_TYPE = YES_ERROR;
				GCC_WARN_UNDECLARED_SELECTOR = YES;
				GCC_WARN_UNINITIALIZED_AUTOS = YES_AGGRESSIVE;
				GCC_WARN_UNUSED_FUNCTION = YES;
				GCC_WARN_UNUSED_VARIABLE = YES;
				IPHONEOS_DEPLOYMENT_TARGET = 13.4;
				MTL_ENABLE_DEBUG_INFO = INCLUDE_SOURCE;
				MTL_FAST_MATH = YES;
				ONLY_ACTIVE_ARCH = YES;
				SDKROOT = iphoneos;
				SWIFT_ACTIVE_COMPILATION_CONDITIONS = DEBUG;
				SWIFT_OPTIMIZATION_LEVEL = "-Onone";
			};
			name = Debug;
		};
		9F00AFC924364F7D00C81D6E /* Release */ = {
			isa = XCBuildConfiguration;
			buildSettings = {
				ALWAYS_SEARCH_USER_PATHS = NO;
				CLANG_ANALYZER_NONNULL = YES;
				CLANG_ANALYZER_NUMBER_OBJECT_CONVERSION = YES_AGGRESSIVE;
				CLANG_CXX_LANGUAGE_STANDARD = "gnu++14";
				CLANG_CXX_LIBRARY = "libc++";
				CLANG_ENABLE_MODULES = YES;
				CLANG_ENABLE_OBJC_ARC = YES;
				CLANG_ENABLE_OBJC_WEAK = YES;
				CLANG_WARN_BLOCK_CAPTURE_AUTORELEASING = YES;
				CLANG_WARN_BOOL_CONVERSION = YES;
				CLANG_WARN_COMMA = YES;
				CLANG_WARN_CONSTANT_CONVERSION = YES;
				CLANG_WARN_DEPRECATED_OBJC_IMPLEMENTATIONS = YES;
				CLANG_WARN_DIRECT_OBJC_ISA_USAGE = YES_ERROR;
				CLANG_WARN_DOCUMENTATION_COMMENTS = YES;
				CLANG_WARN_EMPTY_BODY = YES;
				CLANG_WARN_ENUM_CONVERSION = YES;
				CLANG_WARN_INFINITE_RECURSION = YES;
				CLANG_WARN_INT_CONVERSION = YES;
				CLANG_WARN_NON_LITERAL_NULL_CONVERSION = YES;
				CLANG_WARN_OBJC_IMPLICIT_RETAIN_SELF = YES;
				CLANG_WARN_OBJC_LITERAL_CONVERSION = YES;
				CLANG_WARN_OBJC_ROOT_CLASS = YES_ERROR;
				CLANG_WARN_RANGE_LOOP_ANALYSIS = YES;
				CLANG_WARN_STRICT_PROTOTYPES = YES;
				CLANG_WARN_SUSPICIOUS_MOVE = YES;
				CLANG_WARN_UNGUARDED_AVAILABILITY = YES_AGGRESSIVE;
				CLANG_WARN_UNREACHABLE_CODE = YES;
				CLANG_WARN__DUPLICATE_METHOD_MATCH = YES;
				COPY_PHASE_STRIP = NO;
				DEBUG_INFORMATION_FORMAT = "dwarf-with-dsym";
				ENABLE_NS_ASSERTIONS = NO;
				ENABLE_STRICT_OBJC_MSGSEND = YES;
				GCC_C_LANGUAGE_STANDARD = gnu11;
				GCC_NO_COMMON_BLOCKS = YES;
				GCC_WARN_64_TO_32_BIT_CONVERSION = YES;
				GCC_WARN_ABOUT_RETURN_TYPE = YES_ERROR;
				GCC_WARN_UNDECLARED_SELECTOR = YES;
				GCC_WARN_UNINITIALIZED_AUTOS = YES_AGGRESSIVE;
				GCC_WARN_UNUSED_FUNCTION = YES;
				GCC_WARN_UNUSED_VARIABLE = YES;
				IPHONEOS_DEPLOYMENT_TARGET = 13.4;
				MTL_ENABLE_DEBUG_INFO = NO;
				MTL_FAST_MATH = YES;
				SDKROOT = iphoneos;
				SWIFT_COMPILATION_MODE = wholemodule;
				SWIFT_OPTIMIZATION_LEVEL = "-O";
				VALIDATE_PRODUCT = YES;
			};
			name = Release;
		};
		9F00AFCB24364F7D00C81D6E /* Debug */ = {
			isa = XCBuildConfiguration;
			buildSettings = {
				ASSETCATALOG_COMPILER_APPICON_NAME = AppIcon;
				CODE_SIGN_STYLE = Automatic;
				DEVELOPMENT_TEAM = JCQ8RQ8D68;
				INFOPLIST_FILE = Roshambo/Info.plist;
				LD_RUNPATH_SEARCH_PATHS = (
					"$(inherited)",
					"@executable_path/Frameworks",
				);
				PRODUCT_BUNDLE_IDENTIFIER = com.manoli.Roshambo;
				PRODUCT_NAME = "$(TARGET_NAME)";
				SWIFT_VERSION = 5.0;
				TARGETED_DEVICE_FAMILY = "1,2";
			};
			name = Debug;
		};
		9F00AFCC24364F7D00C81D6E /* Release */ = {
			isa = XCBuildConfiguration;
			buildSettings = {
				ASSETCATALOG_COMPILER_APPICON_NAME = AppIcon;
				CODE_SIGN_STYLE = Automatic;
				DEVELOPMENT_TEAM = JCQ8RQ8D68;
				INFOPLIST_FILE = Roshambo/Info.plist;
				LD_RUNPATH_SEARCH_PATHS = (
					"$(inherited)",
					"@executable_path/Frameworks",
				);
				PRODUCT_BUNDLE_IDENTIFIER = com.manoli.Roshambo;
				PRODUCT_NAME = "$(TARGET_NAME)";
				SWIFT_VERSION = 5.0;
				TARGETED_DEVICE_FAMILY = "1,2";
			};
			name = Release;
		};
/* End XCBuildConfiguration section */

/* Begin XCConfigurationList section */
		9F00AFB124364F7C00C81D6E /* Build configuration list for PBXProject "Roshambo" */ = {
			isa = XCConfigurationList;
			buildConfigurations = (
				9F00AFC824364F7D00C81D6E /* Debug */,
				9F00AFC924364F7D00C81D6E /* Release */,
			);
			defaultConfigurationIsVisible = 0;
			defaultConfigurationName = Release;
		};
		9F00AFCA24364F7D00C81D6E /* Build configuration list for PBXNativeTarget "Roshambo" */ = {
			isa = XCConfigurationList;
			buildConfigurations = (
				9F00AFCB24364F7D00C81D6E /* Debug */,
				9F00AFCC24364F7D00C81D6E /* Release */,
			);
			defaultConfigurationIsVisible = 0;
			defaultConfigurationName = Release;
		};
/* End XCConfigurationList section */
	};
	rootObject = 9F00AFAE24364F7C00C81D6E /* Project object */;
}
